
Microsoft Visual Studio Solution File, Format Version 12.00
# Visual Studio Version 17
VisualStudioVersion = 17.13.35825.156 d17.13
MinimumVisualStudioVersion = 10.0.40219.1
Project("{FAE04EC0-301F-11D3-BF4B-00C04F79EFBC}") = "space-colonization-api", "space-colonization-api.csproj", "{C01FA28E-4C0A-4DC3-AA12-9419A1FCACBD}"
EndProject
Global
	GlobalSection(SolutionConfigurationPlatforms) = preSolution
		Debug|Any CPU = Debug|Any CPU
		Release|Any CPU = Release|Any CPU
	EndGlobalSection
	GlobalSection(ProjectConfigurationPlatforms) = postSolution
		{C01FA28E-4C0A-4DC3-AA12-9419A1FCACBD}.Debug|Any CPU.ActiveCfg = Debug|Any CPU
		{C01FA28E-4C0A-4DC3-AA12-9419A1FCACBD}.Debug|Any CPU.Build.0 = Debug|Any CPU
		{C01FA28E-4C0A-4DC3-AA12-9419A1FCACBD}.Release|Any CPU.ActiveCfg = Release|Any CPU
		{C01FA28E-4C0A-4DC3-AA12-9419A1FCACBD}.Release|Any CPU.Build.0 = Release|Any CPU
	EndGlobalSection
	GlobalSection(SolutionProperties) = preSolution
		HideSolutionNode = FALSE
	EndGlobalSection
	GlobalSection(ExtensibilityGlobals) = postSolution
		SolutionGuid = {4706965D-FF16-4BFE-B2CA-BA2021D3DA8F}
	EndGlobalSection
EndGlobal
